
Microsoft Visual Studio Solution File, Format Version 12.00
# Visual Studio Version 17
VisualStudioVersion = 17.13.35931.197 d17.13
MinimumVisualStudioVersion = 10.0.40219.1
Project("{FAE04EC0-301F-11D3-BF4B-00C04F79EFBC}") = "Desktop", "Desktop\Desktop.csproj", "{7D21B359-B32B-4BA8-ACB8-4BCDB52CAF9D}"
EndProject
Project("{FAE04EC0-301F-11D3-BF4B-00C04F79EFBC}") = "Desktop.MathType", "Desktop.MathType\Desktop.MathType.csproj", "{4084B7CF-C2E7-43B3-9EFB-86E8189598A7}"
EndProject
Global
	GlobalSection(SolutionConfigurationPlatforms) = preSolution
		Debug|Any CPU = Debug|Any CPU
		Release|Any CPU = Release|Any CPU
	EndGlobalSection
	GlobalSection(ProjectConfigurationPlatforms) = postSolution
		{7D21B359-B32B-4BA8-ACB8-4BCDB52CAF9D}.Debug|Any CPU.ActiveCfg = Debug|Any CPU
		{7D21B359-B32B-4BA8-ACB8-4BCDB52CAF9D}.Debug|Any CPU.Build.0 = Debug|Any CPU
		{7D21B359-B32B-4BA8-ACB8-4BCDB52CAF9D}.Release|Any CPU.ActiveCfg = Release|Any CPU
		{7D21B359-B32B-4BA8-ACB8-4BCDB52CAF9D}.Release|Any CPU.Build.0 = Release|Any CPU
		{4084B7CF-C2E7-43B3-9EFB-86E8189598A7}.Debug|Any CPU.ActiveCfg = Debug|Any CPU
		{4084B7CF-C2E7-43B3-9EFB-86E8189598A7}.Debug|Any CPU.Build.0 = Debug|Any CPU
		{4084B7CF-C2E7-43B3-9EFB-86E8189598A7}.Release|Any CPU.ActiveCfg = Release|Any CPU
		{4084B7CF-C2E7-43B3-9EFB-86E8189598A7}.Release|Any CPU.Build.0 = Release|Any CPU
	EndGlobalSection
	GlobalSection(SolutionProperties) = preSolution
		HideSolutionNode = FALSE
	EndGlobalSection
	GlobalSection(ExtensibilityGlobals) = postSolution
		SolutionGuid = {92FB0F9D-7EC8-4EBB-97E2-0A54D4C4E4FF}
	EndGlobalSection
EndGlobal
